
Microsoft Visual Studio Solution File, Format Version 12.00
# Visual Studio Version 17
VisualStudioVersion = 17.6.33723.286
MinimumVisualStudioVersion = 10.0.40219.1
Project("{FAE04EC0-301F-11D3-BF4B-00C04F79EFBC}") = "GeradorValores", "GeradorValores\GeradorValores.csproj", "{7664B381-5A8A-4B60-9942-EAEBE59DCC1A}"
EndProject
Global
	GlobalSection(SolutionConfigurationPlatforms) = preSolution
		Debug|Any CPU = Debug|Any CPU
		Release|Any CPU = Release|Any CPU
	EndGlobalSection
	GlobalSection(ProjectConfigurationPlatforms) = postSolution
		{7664B381-5A8A-4B60-9942-EAEBE59DCC1A}.Debug|Any CPU.ActiveCfg = Debug|Any CPU
		{7664B381-5A8A-4B60-9942-EAEBE59DCC1A}.Debug|Any CPU.Build.0 = Debug|Any CPU
		{7664B381-5A8A-4B60-9942-EAEBE59DCC1A}.Release|Any CPU.ActiveCfg = Release|Any CPU
		{7664B381-5A8A-4B60-9942-EAEBE59DCC1A}.Release|Any CPU.Build.0 = Release|Any CPU
	EndGlobalSection
	GlobalSection(SolutionProperties) = preSolution
		HideSolutionNode = FALSE
	EndGlobalSection
	GlobalSection(ExtensibilityGlobals) = postSolution
		SolutionGuid = {3775C9D5-A61F-4BB5-905F-770B41ED0C54}
	EndGlobalSection
EndGlobal
